// !$*UTF8*$!
{
	archiveVersion = 1;
	classes = {
	};
	objectVersion = 51;
	objects = {

/* Begin PBXBuildFile section */
		047B34E2D4394585E3078E1C /* Pods_Phil.framework in Frameworks */ = {isa = PBXBuildFile; fileRef = FFF49608B82309C215587742 /* Pods_Phil.framework */; };
		616D21C8240D5FFB00849A81 /* BranchManager.swift in Sources */ = {isa = PBXBuildFile; fileRef = 616D21C7240D5FFB00849A81 /* BranchManager.swift */; };
		619A54A6240D9CF3006E754A /* BranchLinkModel.swift in Sources */ = {isa = PBXBuildFile; fileRef = 619A54A5240D9CF3006E754A /* BranchLinkModel.swift */; };
		619A54AA240DAEDD006E754A /* DeeplinkNavigator.swift in Sources */ = {isa = PBXBuildFile; fileRef = 619A54A9240DAEDD006E754A /* DeeplinkNavigator.swift */; };
		619A54B0240DB4F0006E754A /* Color.swift in Sources */ = {isa = PBXBuildFile; fileRef = 619A54AF240DB4F0006E754A /* Color.swift */; };
		61B3A36C240EDBE600DAED06 /* ColorListViewController.swift in Sources */ = {isa = PBXBuildFile; fileRef = 61B3A36B240EDBE600DAED06 /* ColorListViewController.swift */; };
		61EA6AF623F2131D002D3D6F /* AppDelegate.swift in Sources */ = {isa = PBXBuildFile; fileRef = 61EA6AF523F2131D002D3D6F /* AppDelegate.swift */; };
		61EA6AF823F2131D002D3D6F /* SceneDelegate.swift in Sources */ = {isa = PBXBuildFile; fileRef = 61EA6AF723F2131D002D3D6F /* SceneDelegate.swift */; };
		61EA6AFA23F2131D002D3D6F /* ColorViewController.swift in Sources */ = {isa = PBXBuildFile; fileRef = 61EA6AF923F2131D002D3D6F /* ColorViewController.swift */; };
		61EA6AFD23F2131D002D3D6F /* Main.storyboard in Resources */ = {isa = PBXBuildFile; fileRef = 61EA6AFB23F2131D002D3D6F /* Main.storyboard */; };
		61EA6AFF23F2131E002D3D6F /* Assets.xcassets in Resources */ = {isa = PBXBuildFile; fileRef = 61EA6AFE23F2131E002D3D6F /* Assets.xcassets */; };
		61EA6B0223F2131E002D3D6F /* LaunchScreen.storyboard in Resources */ = {isa = PBXBuildFile; fileRef = 61EA6B0023F2131E002D3D6F /* LaunchScreen.storyboard */; };
/* End PBXBuildFile section */

/* Begin PBXFileReference section */
		616D21C7240D5FFB00849A81 /* BranchManager.swift */ = {isa = PBXFileReference; lastKnownFileType = sourcecode.swift; path = BranchManager.swift; sourceTree = "<group>"; };
		619A54A5240D9CF3006E754A /* BranchLinkModel.swift */ = {isa = PBXFileReference; lastKnownFileType = sourcecode.swift; path = BranchLinkModel.swift; sourceTree = "<group>"; };
		619A54A9240DAEDD006E754A /* DeeplinkNavigator.swift */ = {isa = PBXFileReference; lastKnownFileType = sourcecode.swift; path = DeeplinkNavigator.swift; sourceTree = "<group>"; };
		619A54AF240DB4F0006E754A /* Color.swift */ = {isa = PBXFileReference; lastKnownFileType = sourcecode.swift; path = Color.swift; sourceTree = "<group>"; };
		61B09D7023F2194A0090DD1E /* Phil.entitlements */ = {isa = PBXFileReference; lastKnownFileType = text.plist.entitlements; path = Phil.entitlements; sourceTree = "<group>"; };
		61B3A36B240EDBE600DAED06 /* ColorListViewController.swift */ = {isa = PBXFileReference; lastKnownFileType = sourcecode.swift; path = ColorListViewController.swift; sourceTree = "<group>"; };
		61EA6AF223F2131D002D3D6F /* Phil.app */ = {isa = PBXFileReference; explicitFileType = wrapper.application; includeInIndex = 0; path = Phil.app; sourceTree = BUILT_PRODUCTS_DIR; };
		61EA6AF523F2131D002D3D6F /* AppDelegate.swift */ = {isa = PBXFileReference; lastKnownFileType = sourcecode.swift; path = AppDelegate.swift; sourceTree = "<group>"; };
		61EA6AF723F2131D002D3D6F /* SceneDelegate.swift */ = {isa = PBXFileReference; lastKnownFileType = sourcecode.swift; path = SceneDelegate.swift; sourceTree = "<group>"; };
		61EA6AF923F2131D002D3D6F /* ColorViewController.swift */ = {isa = PBXFileReference; lastKnownFileType = sourcecode.swift; path = ColorViewController.swift; sourceTree = "<group>"; };
		61EA6AFC23F2131D002D3D6F /* Base */ = {isa = PBXFileReference; lastKnownFileType = file.storyboard; name = Base; path = Base.lproj/Main.storyboard; sourceTree = "<group>"; };
		61EA6AFE23F2131E002D3D6F /* Assets.xcassets */ = {isa = PBXFileReference; lastKnownFileType = folder.assetcatalog; path = Assets.xcassets; sourceTree = "<group>"; };
		61EA6B0123F2131E002D3D6F /* Base */ = {isa = PBXFileReference; lastKnownFileType = file.storyboard; name = Base; path = Base.lproj/LaunchScreen.storyboard; sourceTree = "<group>"; };
		61EA6B0323F2131E002D3D6F /* Info.plist */ = {isa = PBXFileReference; lastKnownFileType = text.plist.xml; path = Info.plist; sourceTree = "<group>"; };
		9356DB00F20E1D94275A4802 /* Pods-Phil.debug.xcconfig */ = {isa = PBXFileReference; includeInIndex = 1; lastKnownFileType = text.xcconfig; name = "Pods-Phil.debug.xcconfig"; path = "Target Support Files/Pods-Phil/Pods-Phil.debug.xcconfig"; sourceTree = "<group>"; };
		AEDF65D30F5F53178B86B1E3 /* Pods-Phil.release.xcconfig */ = {isa = PBXFileReference; includeInIndex = 1; lastKnownFileType = text.xcconfig; name = "Pods-Phil.release.xcconfig"; path = "Target Support Files/Pods-Phil/Pods-Phil.release.xcconfig"; sourceTree = "<group>"; };
		FFF49608B82309C215587742 /* Pods_Phil.framework */ = {isa = PBXFileReference; explicitFileType = wrapper.framework; includeInIndex = 0; path = Pods_Phil.framework; sourceTree = BUILT_PRODUCTS_DIR; };
/* End PBXFileReference section */

/* Begin PBXFrameworksBuildPhase section */
		61EA6AEF23F2131D002D3D6F /* Frameworks */ = {
			isa = PBXFrameworksBuildPhase;
			buildActionMask = 2147483647;
			files = (
				047B34E2D4394585E3078E1C /* Pods_Phil.framework in Frameworks */,
			);
			runOnlyForDeploymentPostprocessing = 0;
		};
/* End PBXFrameworksBuildPhase section */

/* Begin PBXGroup section */
		1D710989ACFD4A3219BA8ACE /* Pods */ = {
			isa = PBXGroup;
			children = (
				9356DB00F20E1D94275A4802 /* Pods-Phil.debug.xcconfig */,
				AEDF65D30F5F53178B86B1E3 /* Pods-Phil.release.xcconfig */,
			);
			path = Pods;
			sourceTree = "<group>";
		};
		612CE2DE241003A300F206C3 /* controllers */ = {
			isa = PBXGroup;
			children = (
				61B3A36B240EDBE600DAED06 /* ColorListViewController.swift */,
				61EA6AF923F2131D002D3D6F /* ColorViewController.swift */,
			);
			path = controllers;
			sourceTree = "<group>";
		};
		612CE2DF241003AF00F206C3 /* navigation */ = {
			isa = PBXGroup;
			children = (
				619A54A9240DAEDD006E754A /* DeeplinkNavigator.swift */,
			);
			path = navigation;
			sourceTree = "<group>";
		};
		612CE2E0241003BD00F206C3 /* model */ = {
			isa = PBXGroup;
			children = (
				619A54AF240DB4F0006E754A /* Color.swift */,
			);
			path = model;
			sourceTree = "<group>";
		};
		618F831A240F152B00B32432 /* branch */ = {
			isa = PBXGroup;
			children = (
				619A54A5240D9CF3006E754A /* BranchLinkModel.swift */,
				616D21C7240D5FFB00849A81 /* BranchManager.swift */,
			);
			path = branch;
			sourceTree = "<group>";
		};
		61EA6AE923F2131D002D3D6F = {
			isa = PBXGroup;
			children = (
				61EA6AF423F2131D002D3D6F /* Phil */,
				61EA6AF323F2131D002D3D6F /* Products */,
				1D710989ACFD4A3219BA8ACE /* Pods */,
				A2F8A5D8C718DDE5BC2E28D2 /* Frameworks */,
			);
			sourceTree = "<group>";
		};
		61EA6AF323F2131D002D3D6F /* Products */ = {
			isa = PBXGroup;
			children = (
				61EA6AF223F2131D002D3D6F /* Phil.app */,
			);
			name = Products;
			sourceTree = "<group>";
		};
		61EA6AF423F2131D002D3D6F /* Phil */ = {
			isa = PBXGroup;
			children = (
				61B09D7023F2194A0090DD1E /* Phil.entitlements */,
				612CE2E0241003BD00F206C3 /* model */,
				612CE2DF241003AF00F206C3 /* navigation */,
				612CE2DE241003A300F206C3 /* controllers */,
				618F831A240F152B00B32432 /* branch */,
				61EA6AF523F2131D002D3D6F /* AppDelegate.swift */,
				61EA6AF723F2131D002D3D6F /* SceneDelegate.swift */,
				61EA6AFB23F2131D002D3D6F /* Main.storyboard */,
				61EA6AFE23F2131E002D3D6F /* Assets.xcassets */,
				61EA6B0023F2131E002D3D6F /* LaunchScreen.storyboard */,
				61EA6B0323F2131E002D3D6F /* Info.plist */,
			);
			path = Phil;
			sourceTree = "<group>";
		};
		A2F8A5D8C718DDE5BC2E28D2 /* Frameworks */ = {
			isa = PBXGroup;
			children = (
				FFF49608B82309C215587742 /* Pods_Phil.framework */,
			);
			name = Frameworks;
			sourceTree = "<group>";
		};
/* End PBXGroup section */

/* Begin PBXNativeTarget section */
		61EA6AF123F2131D002D3D6F /* Phil */ = {
			isa = PBXNativeTarget;
			buildConfigurationList = 61EA6B0623F2131E002D3D6F /* Build configuration list for PBXNativeTarget "Phil" */;
			buildPhases = (
				D3715FD1C1A26EC712D8C9B5 /* [CP] Check Pods Manifest.lock */,
				61EA6AEE23F2131D002D3D6F /* Sources */,
				61EA6AEF23F2131D002D3D6F /* Frameworks */,
				61EA6AF023F2131D002D3D6F /* Resources */,
				F7ADDC53CEC1E5E94F0F1B1D /* [CP] Embed Pods Frameworks */,
			);
			buildRules = (
			);
			dependencies = (
			);
			name = Phil;
			productName = Phil;
			productReference = 61EA6AF223F2131D002D3D6F /* Phil.app */;
			productType = "com.apple.product-type.application";
		};
/* End PBXNativeTarget section */

/* Begin PBXProject section */
		61EA6AEA23F2131D002D3D6F /* Project object */ = {
			isa = PBXProject;
			attributes = {
				LastSwiftUpdateCheck = 1130;
				LastUpgradeCheck = 1130;
				ORGANIZATIONNAME = "Phil Cappelli";
				TargetAttributes = {
					61EA6AF123F2131D002D3D6F = {
						CreatedOnToolsVersion = 11.3.1;
					};
				};
			};
			buildConfigurationList = 61EA6AED23F2131D002D3D6F /* Build configuration list for PBXProject "Phil" */;
			compatibilityVersion = "Xcode 9.3";
			developmentRegion = en;
			hasScannedForEncodings = 0;
			knownRegions = (
				en,
				Base,
			);
			mainGroup = 61EA6AE923F2131D002D3D6F;
			productRefGroup = 61EA6AF323F2131D002D3D6F /* Products */;
			projectDirPath = "";
			projectRoot = "";
			targets = (
				61EA6AF123F2131D002D3D6F /* Phil */,
			);
		};
/* End PBXProject section */

/* Begin PBXResourcesBuildPhase section */
		61EA6AF023F2131D002D3D6F /* Resources */ = {
			isa = PBXResourcesBuildPhase;
			buildActionMask = 2147483647;
			files = (
				61EA6B0223F2131E002D3D6F /* LaunchScreen.storyboard in Resources */,
				61EA6AFF23F2131E002D3D6F /* Assets.xcassets in Resources */,
				61EA6AFD23F2131D002D3D6F /* Main.storyboard in Resources */,
			);
			runOnlyForDeploymentPostprocessing = 0;
		};
/* End PBXResourcesBuildPhase section */

/* Begin PBXShellScriptBuildPhase section */
		D3715FD1C1A26EC712D8C9B5 /* [CP] Check Pods Manifest.lock */ = {
			isa = PBXShellScriptBuildPhase;
			buildActionMask = 2147483647;
			files = (
			);
			inputFileListPaths = (
			);
			inputPaths = (
				"${PODS_PODFILE_DIR_PATH}/Podfile.lock",
				"${PODS_ROOT}/Manifest.lock",
			);
			name = "[CP] Check Pods Manifest.lock";
			outputFileListPaths = (
			);
			outputPaths = (
				"$(DERIVED_FILE_DIR)/Pods-Phil-checkManifestLockResult.txt",
			);
			runOnlyForDeploymentPostprocessing = 0;
			shellPath = /bin/sh;
			shellScript = "diff \"${PODS_PODFILE_DIR_PATH}/Podfile.lock\" \"${PODS_ROOT}/Manifest.lock\" > /dev/null\nif [ $? != 0 ] ; then\n    # print error to STDERR\n    echo \"error: The sandbox is not in sync with the Podfile.lock. Run 'pod install' or update your CocoaPods installation.\" >&2\n    exit 1\nfi\n# This output is used by Xcode 'outputs' to avoid re-running this script phase.\necho \"SUCCESS\" > \"${SCRIPT_OUTPUT_FILE_0}\"\n";
			showEnvVarsInLog = 0;
		};
		F7ADDC53CEC1E5E94F0F1B1D /* [CP] Embed Pods Frameworks */ = {
			isa = PBXShellScriptBuildPhase;
			buildActionMask = 2147483647;
			files = (
			);
			inputFileListPaths = (
				"${PODS_ROOT}/Target Support Files/Pods-Phil/Pods-Phil-frameworks-${CONFIGURATION}-input-files.xcfilelist",
			);
			name = "[CP] Embed Pods Frameworks";
			outputFileListPaths = (
				"${PODS_ROOT}/Target Support Files/Pods-Phil/Pods-Phil-frameworks-${CONFIGURATION}-output-files.xcfilelist",
			);
			runOnlyForDeploymentPostprocessing = 0;
			shellPath = /bin/sh;
			shellScript = "\"${PODS_ROOT}/Target Support Files/Pods-Phil/Pods-Phil-frameworks.sh\"\n";
			showEnvVarsInLog = 0;
		};
/* End PBXShellScriptBuildPhase section */

/* Begin PBXSourcesBuildPhase section */
		61EA6AEE23F2131D002D3D6F /* Sources */ = {
			isa = PBXSourcesBuildPhase;
			buildActionMask = 2147483647;
			files = (
				61EA6AFA23F2131D002D3D6F /* ColorViewController.swift in Sources */,
				61EA6AF623F2131D002D3D6F /* AppDelegate.swift in Sources */,
				61B3A36C240EDBE600DAED06 /* ColorListViewController.swift in Sources */,
				619A54A6240D9CF3006E754A /* BranchLinkModel.swift in Sources */,
				619A54AA240DAEDD006E754A /* DeeplinkNavigator.swift in Sources */,
				61EA6AF823F2131D002D3D6F /* SceneDelegate.swift in Sources */,
				619A54B0240DB4F0006E754A /* Color.swift in Sources */,
				616D21C8240D5FFB00849A81 /* BranchManager.swift in Sources */,
			);
			runOnlyForDeploymentPostprocessing = 0;
		};
/* End PBXSourcesBuildPhase section */

/* Begin PBXVariantGroup section */
		61EA6AFB23F2131D002D3D6F /* Main.storyboard */ = {
			isa = PBXVariantGroup;
			children = (
				61EA6AFC23F2131D002D3D6F /* Base */,
			);
			name = Main.storyboard;
			sourceTree = "<group>";
		};
		61EA6B0023F2131E002D3D6F /* LaunchScreen.storyboard */ = {
			isa = PBXVariantGroup;
			children = (
				61EA6B0123F2131E002D3D6F /* Base */,
			);
			name = LaunchScreen.storyboard;
			sourceTree = "<group>";
		};
/* End PBXVariantGroup section */

/* Begin XCBuildConfiguration section */
		61EA6B0423F2131E002D3D6F /* Debug */ = {
			isa = XCBuildConfiguration;
			buildSettings = {
				ALWAYS_SEARCH_USER_PATHS = NO;
				CLANG_ANALYZER_NONNULL = YES;
				CLANG_ANALYZER_NUMBER_OBJECT_CONVERSION = YES_AGGRESSIVE;
				CLANG_CXX_LANGUAGE_STANDARD = "gnu++14";
				CLANG_CXX_LIBRARY = "libc++";
				CLANG_ENABLE_MODULES = YES;
				CLANG_ENABLE_OBJC_ARC = YES;
				CLANG_ENABLE_OBJC_WEAK = YES;
				CLANG_WARN_BLOCK_CAPTURE_AUTORELEASING = YES;
				CLANG_WARN_BOOL_CONVERSION = YES;
				CLANG_WARN_COMMA = YES;
				CLANG_WARN_CONSTANT_CONVERSION = YES;
				CLANG_WARN_DEPRECATED_OBJC_IMPLEMENTATIONS = YES;
				CLANG_WARN_DIRECT_OBJC_ISA_USAGE = YES_ERROR;
				CLANG_WARN_DOCUMENTATION_COMMENTS = YES;
				CLANG_WARN_EMPTY_BODY = YES;
				CLANG_WARN_ENUM_CONVERSION = YES;
				CLANG_WARN_INFINITE_RECURSION = YES;
				CLANG_WARN_INT_CONVERSION = YES;
				CLANG_WARN_NON_LITERAL_NULL_CONVERSION = YES;
				CLANG_WARN_OBJC_IMPLICIT_RETAIN_SELF = YES;
				CLANG_WARN_OBJC_LITERAL_CONVERSION = YES;
				CLANG_WARN_OBJC_ROOT_CLASS = YES_ERROR;
				CLANG_WARN_RANGE_LOOP_ANALYSIS = YES;
				CLANG_WARN_STRICT_PROTOTYPES = YES;
				CLANG_WARN_SUSPICIOUS_MOVE = YES;
				CLANG_WARN_UNGUARDED_AVAILABILITY = YES_AGGRESSIVE;
				CLANG_WARN_UNREACHABLE_CODE = YES;
				CLANG_WARN__DUPLICATE_METHOD_MATCH = YES;
				COPY_PHASE_STRIP = NO;
				DEBUG_INFORMATION_FORMAT = dwarf;
				ENABLE_STRICT_OBJC_MSGSEND = YES;
				ENABLE_TESTABILITY = YES;
				GCC_C_LANGUAGE_STANDARD = gnu11;
				GCC_DYNAMIC_NO_PIC = NO;
				GCC_NO_COMMON_BLOCKS = YES;
				GCC_OPTIMIZATION_LEVEL = 0;
				GCC_PREPROCESSOR_DEFINITIONS = (
					"DEBUG=1",
					"$(inherited)",
				);
				GCC_WARN_64_TO_32_BIT_CONVERSION = YES;
				GCC_WARN_ABOUT_RETURN_TYPE = YES_ERROR;
				GCC_WARN_UNDECLARED_SELECTOR = YES;
				GCC_WARN_UNINITIALIZED_AUTOS = YES_AGGRESSIVE;
				GCC_WARN_UNUSED_FUNCTION = YES;
				GCC_WARN_UNUSED_VARIABLE = YES;
				IPHONEOS_DEPLOYMENT_TARGET = 13.2;
				MTL_ENABLE_DEBUG_INFO = INCLUDE_SOURCE;
				MTL_FAST_MATH = YES;
				ONLY_ACTIVE_ARCH = YES;
				SDKROOT = iphoneos;
				SWIFT_ACTIVE_COMPILATION_CONDITIONS = DEBUG;
				SWIFT_OPTIMIZATION_LEVEL = "-Onone";
			};
			name = Debug;
		};
		61EA6B0523F2131E002D3D6F /* Release */ = {
			isa = XCBuildConfiguration;
			buildSettings = {
				ALWAYS_SEARCH_USER_PATHS = NO;
				CLANG_ANALYZER_NONNULL = YES;
				CLANG_ANALYZER_NUMBER_OBJECT_CONVERSION = YES_AGGRESSIVE;
				CLANG_CXX_LANGUAGE_STANDARD = "gnu++14";
				CLANG_CXX_LIBRARY = "libc++";
				CLANG_ENABLE_MODULES = YES;
				CLANG_ENABLE_OBJC_ARC = YES;
				CLANG_ENABLE_OBJC_WEAK = YES;
				CLANG_WARN_BLOCK_CAPTURE_AUTORELEASING = YES;
				CLANG_WARN_BOOL_CONVERSION = YES;
				CLANG_WARN_COMMA = YES;
				CLANG_WARN_CONSTANT_CONVERSION = YES;
				CLANG_WARN_DEPRECATED_OBJC_IMPLEMENTATIONS = YES;
				CLANG_WARN_DIRECT_OBJC_ISA_USAGE = YES_ERROR;
				CLANG_WARN_DOCUMENTATION_COMMENTS = YES;
				CLANG_WARN_EMPTY_BODY = YES;
				CLANG_WARN_ENUM_CONVERSION = YES;
				CLANG_WARN_INFINITE_RECURSION = YES;
				CLANG_WARN_INT_CONVERSION = YES;
				CLANG_WARN_NON_LITERAL_NULL_CONVERSION = YES;
				CLANG_WARN_OBJC_IMPLICIT_RETAIN_SELF = YES;
				CLANG_WARN_OBJC_LITERAL_CONVERSION = YES;
				CLANG_WARN_OBJC_ROOT_CLASS = YES_ERROR;
				CLANG_WARN_RANGE_LOOP_ANALYSIS = YES;
				CLANG_WARN_STRICT_PROTOTYPES = YES;
				CLANG_WARN_SUSPICIOUS_MOVE = YES;
				CLANG_WARN_UNGUARDED_AVAILABILITY = YES_AGGRESSIVE;
				CLANG_WARN_UNREACHABLE_CODE = YES;
				CLANG_WARN__DUPLICATE_METHOD_MATCH = YES;
				COPY_PHASE_STRIP = NO;
				DEBUG_INFORMATION_FORMAT = "dwarf-with-dsym";
				ENABLE_NS_ASSERTIONS = NO;
				ENABLE_STRICT_OBJC_MSGSEND = YES;
				GCC_C_LANGUAGE_STANDARD = gnu11;
				GCC_NO_COMMON_BLOCKS = YES;
				GCC_WARN_64_TO_32_BIT_CONVERSION = YES;
				GCC_WARN_ABOUT_RETURN_TYPE = YES_ERROR;
				GCC_WARN_UNDECLARED_SELECTOR = YES;
				GCC_WARN_UNINITIALIZED_AUTOS = YES_AGGRESSIVE;
				GCC_WARN_UNUSED_FUNCTION = YES;
				GCC_WARN_UNUSED_VARIABLE = YES;
				IPHONEOS_DEPLOYMENT_TARGET = 13.2;
				MTL_ENABLE_DEBUG_INFO = NO;
				MTL_FAST_MATH = YES;
				SDKROOT = iphoneos;
				SWIFT_COMPILATION_MODE = wholemodule;
				SWIFT_OPTIMIZATION_LEVEL = "-O";
				VALIDATE_PRODUCT = YES;
			};
			name = Release;
		};
		61EA6B0723F2131E002D3D6F /* Debug */ = {
			isa = XCBuildConfiguration;
			baseConfigurationReference = 9356DB00F20E1D94275A4802 /* Pods-Phil.debug.xcconfig */;
			buildSettings = {
				ASSETCATALOG_COMPILER_APPICON_NAME = AppIcon;
				CODE_SIGN_ENTITLEMENTS = Phil/Phil.entitlements;
				CODE_SIGN_STYLE = Automatic;
				DEVELOPMENT_TEAM = R63EM248DP;
				INFOPLIST_FILE = Phil/Info.plist;
				LD_RUNPATH_SEARCH_PATHS = (
					"$(inherited)",
					"@executable_path/Frameworks",
				);
				PRODUCT_BUNDLE_IDENTIFIER = io.branch.phil;
				PRODUCT_NAME = "$(TARGET_NAME)";
				SWIFT_VERSION = 5.0;
				TARGETED_DEVICE_FAMILY = "1,2";
			};
			name = Debug;
		};
		61EA6B0823F2131E002D3D6F /* Release */ = {
			isa = XCBuildConfiguration;
			baseConfigurationReference = AEDF65D30F5F53178B86B1E3 /* Pods-Phil.release.xcconfig */;
			buildSettings = {
				ASSETCATALOG_COMPILER_APPICON_NAME = AppIcon;
				CODE_SIGN_ENTITLEMENTS = Phil/Phil.entitlements;
				CODE_SIGN_STYLE = Automatic;
				DEVELOPMENT_TEAM = R63EM248DP;
				INFOPLIST_FILE = Phil/Info.plist;
				LD_RUNPATH_SEARCH_PATHS = (
					"$(inherited)",
					"@executable_path/Frameworks",
				);
				PRODUCT_BUNDLE_IDENTIFIER = io.branch.phil;
				PRODUCT_NAME = "$(TARGET_NAME)";
				SWIFT_VERSION = 5.0;
				TARGETED_DEVICE_FAMILY = "1,2";
			};
			name = Release;
		};
/* End XCBuildConfiguration section */

/* Begin XCConfigurationList section */
		61EA6AED23F2131D002D3D6F /* Build configuration list for PBXProject "Phil" */ = {
			isa = XCConfigurationList;
			buildConfigurations = (
				61EA6B0423F2131E002D3D6F /* Debug */,
				61EA6B0523F2131E002D3D6F /* Release */,
			);
			defaultConfigurationIsVisible = 0;
			defaultConfigurationName = Release;
		};
		61EA6B0623F2131E002D3D6F /* Build configuration list for PBXNativeTarget "Phil" */ = {
			isa = XCConfigurationList;
			buildConfigurations = (
				61EA6B0723F2131E002D3D6F /* Debug */,
				61EA6B0823F2131E002D3D6F /* Release */,
			);
			defaultConfigurationIsVisible = 0;
			defaultConfigurationName = Release;
		};
/* End XCConfigurationList section */
	};
	rootObject = 61EA6AEA23F2131D002D3D6F /* Project object */;
}
